
Microsoft Visual Studio Solution File, Format Version 12.00
# Visual Studio Version 16
VisualStudioVersion = 16.0.32106.194
MinimumVisualStudioVersion = 10.0.40219.1
Project("{FAE04EC0-301F-11D3-BF4B-00C04F79EFBC}") = "klikMe", "klikMe.csproj", "{77BAFB2C-97DF-4629-B621-0416B08E2816}"
EndProject
Global
	GlobalSection(SolutionConfigurationPlatforms) = preSolution
		Debug|Any CPU = Debug|Any CPU
		Release|Any CPU = Release|Any CPU
	EndGlobalSection
	GlobalSection(ProjectConfigurationPlatforms) = postSolution
		{77BAFB2C-97DF-4629-B621-0416B08E2816}.Debug|Any CPU.ActiveCfg = Debug|Any CPU
		{77BAFB2C-97DF-4629-B621-0416B08E2816}.Debug|Any CPU.Build.0 = Debug|Any CPU
		{77BAFB2C-97DF-4629-B621-0416B08E2816}.Release|Any CPU.ActiveCfg = Release|Any CPU
		{77BAFB2C-97DF-4629-B621-0416B08E2816}.Release|Any CPU.Build.0 = Release|Any CPU
	EndGlobalSection
	GlobalSection(SolutionProperties) = preSolution
		HideSolutionNode = FALSE
	EndGlobalSection
	GlobalSection(ExtensibilityGlobals) = postSolution
		SolutionGuid = {1DE05C84-6375-4E66-A31C-7CD7C55ED58E}
	EndGlobalSection
EndGlobal
